
Microsoft Visual Studio Solution File, Format Version 12.00
# Visual Studio Version 16
VisualStudioVersion = 16.0.31105.61
MinimumVisualStudioVersion = 10.0.40219.1
Project("{8BC9CEB8-8B4A-11D0-8D11-00A0C91BC942}") = "알고리즘 연습", "알고리즘 연습\알고리즘 연습.vcxproj", "{DBCE9B9A-9512-45DB-A47B-0304E2F8CBC7}"
EndProject
Global
	GlobalSection(SolutionConfigurationPlatforms) = preSolution
		Debug|x64 = Debug|x64
		Debug|x86 = Debug|x86
		Release|x64 = Release|x64
		Release|x86 = Release|x86
	EndGlobalSection
	GlobalSection(ProjectConfigurationPlatforms) = postSolution
		{DBCE9B9A-9512-45DB-A47B-0304E2F8CBC7}.Debug|x64.ActiveCfg = Debug|x64
		{DBCE9B9A-9512-45DB-A47B-0304E2F8CBC7}.Debug|x64.Build.0 = Debug|x64
		{DBCE9B9A-9512-45DB-A47B-0304E2F8CBC7}.Debug|x86.ActiveCfg = Debug|Win32
		{DBCE9B9A-9512-45DB-A47B-0304E2F8CBC7}.Debug|x86.Build.0 = Debug|Win32
		{DBCE9B9A-9512-45DB-A47B-0304E2F8CBC7}.Release|x64.ActiveCfg = Release|x64
		{DBCE9B9A-9512-45DB-A47B-0304E2F8CBC7}.Release|x64.Build.0 = Release|x64
		{DBCE9B9A-9512-45DB-A47B-0304E2F8CBC7}.Release|x86.ActiveCfg = Release|Win32
		{DBCE9B9A-9512-45DB-A47B-0304E2F8CBC7}.Release|x86.Build.0 = Release|Win32
	EndGlobalSection
	GlobalSection(SolutionProperties) = preSolution
		HideSolutionNode = FALSE
	EndGlobalSection
	GlobalSection(ExtensibilityGlobals) = postSolution
		SolutionGuid = {EA71B74B-CD88-49E0-9179-4215D456BFE0}
	EndGlobalSection
EndGlobal
